
Microsoft Visual Studio Solution File, Format Version 12.00
# Visual Studio Version 17
VisualStudioVersion = 17.6.33712.159
MinimumVisualStudioVersion = 10.0.40219.1
Project("{8BC9CEB8-8B4A-11D0-8D11-00A0C91BC942}") = "20230808_BallShooting", "20230808_BallShooting.vcxproj", "{92154758-6AEC-44FB-9299-72C1F3B43638}"
EndProject
Global
	GlobalSection(SolutionConfigurationPlatforms) = preSolution
		Debug|x64 = Debug|x64
		Release|x64 = Release|x64
	EndGlobalSection
	GlobalSection(ProjectConfigurationPlatforms) = postSolution
		{92154758-6AEC-44FB-9299-72C1F3B43638}.Debug|x64.ActiveCfg = Debug|x64
		{92154758-6AEC-44FB-9299-72C1F3B43638}.Debug|x64.Build.0 = Debug|x64
		{92154758-6AEC-44FB-9299-72C1F3B43638}.Release|x64.ActiveCfg = Release|x64
		{92154758-6AEC-44FB-9299-72C1F3B43638}.Release|x64.Build.0 = Release|x64
	EndGlobalSection
	GlobalSection(SolutionProperties) = preSolution
		HideSolutionNode = FALSE
	EndGlobalSection
	GlobalSection(ExtensibilityGlobals) = postSolution
		SolutionGuid = {FE4CACB7-31F3-49D1-B00A-8473B4C7781B}
	EndGlobalSection
EndGlobal
